
Microsoft Visual Studio Solution File, Format Version 12.00
# Visual Studio Version 16
VisualStudioVersion = 16.0.30204.135
MinimumVisualStudioVersion = 10.0.40219.1
Project("{9A19103F-16F7-4668-BE54-9A1E7A4F7556}") = "WebApiProdutos", "WebApiProdutos\WebApiProdutos.csproj", "{001EE479-C98A-4CE8-A791-53B936F19757}"
EndProject
Project("{2150E333-8FDC-42A3-9474-1A3956D46DE8}") = "Testes", "Testes", "{497EA8CB-05B4-4AF8-A63C-C7D885F96506}"
EndProject
Project("{9A19103F-16F7-4668-BE54-9A1E7A4F7556}") = "WebPlataformBlazor", "WebPlataformBlazor\WebPlataformBlazor.csproj", "{7B18E1AB-FB5C-4305-828C-B2B85E4B3EF1}"
EndProject
Project("{9A19103F-16F7-4668-BE54-9A1E7A4F7556}") = "WebPlataformBlazorTeste", "WebPlataformBlazorTests\WebPlataformBlazorTeste.csproj", "{B5F31479-0D0E-493D-B001-196B603FC812}"
EndProject
Project("{9A19103F-16F7-4668-BE54-9A1E7A4F7556}") = "WebApiProdutosTeste", "WebApiProdutosTeste\WebApiProdutosTeste.csproj", "{60985C99-B03D-49D7-8394-45650637284F}"
EndProject
Project("{9A19103F-16F7-4668-BE54-9A1E7A4F7556}") = "WebApiPedidos", "WebApiPedidos\WebApiPedidos.csproj", "{42C62237-8EE4-42C7-B991-DFE77F92930D}"
EndProject
Project("{9A19103F-16F7-4668-BE54-9A1E7A4F7556}") = "WebApiPedidosTeste", "WebApiPedidosTeste\WebApiPedidosTeste.csproj", "{37050756-321F-45B6-BC6D-41F8CCD158AB}"
EndProject
Project("{9A19103F-16F7-4668-BE54-9A1E7A4F7556}") = "WebApiEntregas", "WebApiEntregas\WebApiEntregas.csproj", "{4198C71C-0359-41E3-B9F5-2AD280C95DC2}"
EndProject
Project("{9A19103F-16F7-4668-BE54-9A1E7A4F7556}") = "WebApiNotificacoes", "WebApiNotificacoes\WebApiNotificacoes.csproj", "{960D76B4-9A5A-42AE-A118-869690BC7F2E}"
EndProject
Project("{9A19103F-16F7-4668-BE54-9A1E7A4F7556}") = "WebApiNotificacoesTeste", "WebApiNotificacoesTeste\WebApiNotificacoesTeste.csproj", "{722616AF-17D4-4999-ACCF-6C9CC2F68915}"
EndProject
Project("{9A19103F-16F7-4668-BE54-9A1E7A4F7556}") = "WebApiEntregasTeste", "WebApiEntregasTeste\WebApiEntregasTeste.csproj", "{49960D94-BB5A-4354-9645-57ADC5869948}"
EndProject
Project("{9A19103F-16F7-4668-BE54-9A1E7A4F7556}") = "WebApiCadastroTeste", "WebApiCadastroTeste\WebApiCadastroTeste.csproj", "{58B97D29-9EF5-41E6-A089-134091B62926}"
EndProject
Project("{9A19103F-16F7-4668-BE54-9A1E7A4F7556}") = "WebApiCadastro", "WebApiCadastro\WebApiCadastro.csproj", "{C21CEC60-1E4D-4641-A2B7-979568EA7714}"
EndProject
Project("{2150E333-8FDC-42A3-9474-1A3956D46DE8}") = "BackEnd", "BackEnd", "{81FEEF78-2F8C-45A3-A603-B98E1E3BD17A}"
EndProject
Project("{2150E333-8FDC-42A3-9474-1A3956D46DE8}") = "FrontEnd", "FrontEnd", "{51215DA1-7C32-4075-B42C-6B5128F559C8}"
EndProject
Project("{FAE04EC0-301F-11D3-BF4B-00C04F79EFBC}") = "StarterProject", "StarterProject\StarterProject.csproj", "{7251F1A1-BC1D-4C51-8583-986D6B1AF7D0}"
EndProject
Project("{E53339B2-1760-4266-BCC7-CA923CBCF16C}") = "docker-compose", "docker-compose.dcproj", "{184744A1-7146-4E1B-AD71-047EA8143429}"
EndProject
Global
	GlobalSection(SolutionConfigurationPlatforms) = preSolution
		Debug|Any CPU = Debug|Any CPU
		Release|Any CPU = Release|Any CPU
	EndGlobalSection
	GlobalSection(ProjectConfigurationPlatforms) = postSolution
		{001EE479-C98A-4CE8-A791-53B936F19757}.Debug|Any CPU.ActiveCfg = Debug|Any CPU
		{001EE479-C98A-4CE8-A791-53B936F19757}.Debug|Any CPU.Build.0 = Debug|Any CPU
		{001EE479-C98A-4CE8-A791-53B936F19757}.Release|Any CPU.ActiveCfg = Release|Any CPU
		{001EE479-C98A-4CE8-A791-53B936F19757}.Release|Any CPU.Build.0 = Release|Any CPU
		{7B18E1AB-FB5C-4305-828C-B2B85E4B3EF1}.Debug|Any CPU.ActiveCfg = Debug|Any CPU
		{7B18E1AB-FB5C-4305-828C-B2B85E4B3EF1}.Debug|Any CPU.Build.0 = Debug|Any CPU
		{7B18E1AB-FB5C-4305-828C-B2B85E4B3EF1}.Release|Any CPU.ActiveCfg = Release|Any CPU
		{7B18E1AB-FB5C-4305-828C-B2B85E4B3EF1}.Release|Any CPU.Build.0 = Release|Any CPU
		{B5F31479-0D0E-493D-B001-196B603FC812}.Debug|Any CPU.ActiveCfg = Debug|Any CPU
		{B5F31479-0D0E-493D-B001-196B603FC812}.Debug|Any CPU.Build.0 = Debug|Any CPU
		{B5F31479-0D0E-493D-B001-196B603FC812}.Release|Any CPU.ActiveCfg = Release|Any CPU
		{B5F31479-0D0E-493D-B001-196B603FC812}.Release|Any CPU.Build.0 = Release|Any CPU
		{60985C99-B03D-49D7-8394-45650637284F}.Debug|Any CPU.ActiveCfg = Debug|Any CPU
		{60985C99-B03D-49D7-8394-45650637284F}.Debug|Any CPU.Build.0 = Debug|Any CPU
		{60985C99-B03D-49D7-8394-45650637284F}.Release|Any CPU.ActiveCfg = Release|Any CPU
		{60985C99-B03D-49D7-8394-45650637284F}.Release|Any CPU.Build.0 = Release|Any CPU
		{42C62237-8EE4-42C7-B991-DFE77F92930D}.Debug|Any CPU.ActiveCfg = Debug|Any CPU
		{42C62237-8EE4-42C7-B991-DFE77F92930D}.Debug|Any CPU.Build.0 = Debug|Any CPU
		{42C62237-8EE4-42C7-B991-DFE77F92930D}.Release|Any CPU.ActiveCfg = Release|Any CPU
		{42C62237-8EE4-42C7-B991-DFE77F92930D}.Release|Any CPU.Build.0 = Release|Any CPU
		{37050756-321F-45B6-BC6D-41F8CCD158AB}.Debug|Any CPU.ActiveCfg = Debug|Any CPU
		{37050756-321F-45B6-BC6D-41F8CCD158AB}.Debug|Any CPU.Build.0 = Debug|Any CPU
		{37050756-321F-45B6-BC6D-41F8CCD158AB}.Release|Any CPU.ActiveCfg = Release|Any CPU
		{37050756-321F-45B6-BC6D-41F8CCD158AB}.Release|Any CPU.Build.0 = Release|Any CPU
		{4198C71C-0359-41E3-B9F5-2AD280C95DC2}.Debug|Any CPU.ActiveCfg = Debug|Any CPU
		{4198C71C-0359-41E3-B9F5-2AD280C95DC2}.Debug|Any CPU.Build.0 = Debug|Any CPU
		{4198C71C-0359-41E3-B9F5-2AD280C95DC2}.Release|Any CPU.ActiveCfg = Release|Any CPU
		{4198C71C-0359-41E3-B9F5-2AD280C95DC2}.Release|Any CPU.Build.0 = Release|Any CPU
		{960D76B4-9A5A-42AE-A118-869690BC7F2E}.Debug|Any CPU.ActiveCfg = Debug|Any CPU
		{960D76B4-9A5A-42AE-A118-869690BC7F2E}.Debug|Any CPU.Build.0 = Debug|Any CPU
		{960D76B4-9A5A-42AE-A118-869690BC7F2E}.Release|Any CPU.ActiveCfg = Release|Any CPU
		{960D76B4-9A5A-42AE-A118-869690BC7F2E}.Release|Any CPU.Build.0 = Release|Any CPU
		{722616AF-17D4-4999-ACCF-6C9CC2F68915}.Debug|Any CPU.ActiveCfg = Debug|Any CPU
		{722616AF-17D4-4999-ACCF-6C9CC2F68915}.Debug|Any CPU.Build.0 = Debug|Any CPU
		{722616AF-17D4-4999-ACCF-6C9CC2F68915}.Release|Any CPU.ActiveCfg = Release|Any CPU
		{722616AF-17D4-4999-ACCF-6C9CC2F68915}.Release|Any CPU.Build.0 = Release|Any CPU
		{49960D94-BB5A-4354-9645-57ADC5869948}.Debug|Any CPU.ActiveCfg = Debug|Any CPU
		{49960D94-BB5A-4354-9645-57ADC5869948}.Debug|Any CPU.Build.0 = Debug|Any CPU
		{49960D94-BB5A-4354-9645-57ADC5869948}.Release|Any CPU.ActiveCfg = Release|Any CPU
		{49960D94-BB5A-4354-9645-57ADC5869948}.Release|Any CPU.Build.0 = Release|Any CPU
		{58B97D29-9EF5-41E6-A089-134091B62926}.Debug|Any CPU.ActiveCfg = Debug|Any CPU
		{58B97D29-9EF5-41E6-A089-134091B62926}.Debug|Any CPU.Build.0 = Debug|Any CPU
		{58B97D29-9EF5-41E6-A089-134091B62926}.Release|Any CPU.ActiveCfg = Release|Any CPU
		{58B97D29-9EF5-41E6-A089-134091B62926}.Release|Any CPU.Build.0 = Release|Any CPU
		{C21CEC60-1E4D-4641-A2B7-979568EA7714}.Debug|Any CPU.ActiveCfg = Debug|Any CPU
		{C21CEC60-1E4D-4641-A2B7-979568EA7714}.Debug|Any CPU.Build.0 = Debug|Any CPU
		{C21CEC60-1E4D-4641-A2B7-979568EA7714}.Release|Any CPU.ActiveCfg = Release|Any CPU
		{C21CEC60-1E4D-4641-A2B7-979568EA7714}.Release|Any CPU.Build.0 = Release|Any CPU
		{7251F1A1-BC1D-4C51-8583-986D6B1AF7D0}.Debug|Any CPU.ActiveCfg = Debug|Any CPU
		{7251F1A1-BC1D-4C51-8583-986D6B1AF7D0}.Debug|Any CPU.Build.0 = Debug|Any CPU
		{7251F1A1-BC1D-4C51-8583-986D6B1AF7D0}.Release|Any CPU.ActiveCfg = Release|Any CPU
		{7251F1A1-BC1D-4C51-8583-986D6B1AF7D0}.Release|Any CPU.Build.0 = Release|Any CPU
		{184744A1-7146-4E1B-AD71-047EA8143429}.Debug|Any CPU.ActiveCfg = Debug|Any CPU
		{184744A1-7146-4E1B-AD71-047EA8143429}.Debug|Any CPU.Build.0 = Debug|Any CPU
		{184744A1-7146-4E1B-AD71-047EA8143429}.Release|Any CPU.ActiveCfg = Release|Any CPU
		{184744A1-7146-4E1B-AD71-047EA8143429}.Release|Any CPU.Build.0 = Release|Any CPU
	EndGlobalSection
	GlobalSection(SolutionProperties) = preSolution
		HideSolutionNode = FALSE
	EndGlobalSection
	GlobalSection(NestedProjects) = preSolution
		{001EE479-C98A-4CE8-A791-53B936F19757} = {81FEEF78-2F8C-45A3-A603-B98E1E3BD17A}
		{7B18E1AB-FB5C-4305-828C-B2B85E4B3EF1} = {51215DA1-7C32-4075-B42C-6B5128F559C8}
		{B5F31479-0D0E-493D-B001-196B603FC812} = {497EA8CB-05B4-4AF8-A63C-C7D885F96506}
		{60985C99-B03D-49D7-8394-45650637284F} = {497EA8CB-05B4-4AF8-A63C-C7D885F96506}
		{42C62237-8EE4-42C7-B991-DFE77F92930D} = {81FEEF78-2F8C-45A3-A603-B98E1E3BD17A}
		{37050756-321F-45B6-BC6D-41F8CCD158AB} = {497EA8CB-05B4-4AF8-A63C-C7D885F96506}
		{4198C71C-0359-41E3-B9F5-2AD280C95DC2} = {81FEEF78-2F8C-45A3-A603-B98E1E3BD17A}
		{960D76B4-9A5A-42AE-A118-869690BC7F2E} = {81FEEF78-2F8C-45A3-A603-B98E1E3BD17A}
		{722616AF-17D4-4999-ACCF-6C9CC2F68915} = {497EA8CB-05B4-4AF8-A63C-C7D885F96506}
		{49960D94-BB5A-4354-9645-57ADC5869948} = {497EA8CB-05B4-4AF8-A63C-C7D885F96506}
		{58B97D29-9EF5-41E6-A089-134091B62926} = {497EA8CB-05B4-4AF8-A63C-C7D885F96506}
		{C21CEC60-1E4D-4641-A2B7-979568EA7714} = {81FEEF78-2F8C-45A3-A603-B98E1E3BD17A}
	EndGlobalSection
	GlobalSection(ExtensibilityGlobals) = postSolution
		SolutionGuid = {562A3285-FBB7-4967-9631-174D33BD6DCB}
	EndGlobalSection
EndGlobal
