
Microsoft Visual Studio Solution File, Format Version 12.00
# Visual Studio Version 16
VisualStudioVersion = 16.0.30204.135
MinimumVisualStudioVersion = 10.0.40219.1
Project("{9A19103F-16F7-4668-BE54-9A1E7A4F7556}") = "WebApi", "WebApi\WebApi.csproj", "{001EE479-C98A-4CE8-A791-53B936F19757}"
EndProject
Project("{FAE04EC0-301F-11D3-BF4B-00C04F79EFBC}") = "WebApiTeste", "WebApiTeste\WebApiTeste.csproj", "{3E9882C6-F9F5-4412-B18A-C7BD4766A9FF}"
EndProject
Project("{2150E333-8FDC-42A3-9474-1A3956D46DE8}") = "Testes", "Testes", "{497EA8CB-05B4-4AF8-A63C-C7D885F96506}"
EndProject
Global
	GlobalSection(SolutionConfigurationPlatforms) = preSolution
		Debug|Any CPU = Debug|Any CPU
		Release|Any CPU = Release|Any CPU
	EndGlobalSection
	GlobalSection(ProjectConfigurationPlatforms) = postSolution
		{001EE479-C98A-4CE8-A791-53B936F19757}.Debug|Any CPU.ActiveCfg = Debug|Any CPU
		{001EE479-C98A-4CE8-A791-53B936F19757}.Debug|Any CPU.Build.0 = Debug|Any CPU
		{001EE479-C98A-4CE8-A791-53B936F19757}.Release|Any CPU.ActiveCfg = Release|Any CPU
		{001EE479-C98A-4CE8-A791-53B936F19757}.Release|Any CPU.Build.0 = Release|Any CPU
		{3E9882C6-F9F5-4412-B18A-C7BD4766A9FF}.Debug|Any CPU.ActiveCfg = Debug|Any CPU
		{3E9882C6-F9F5-4412-B18A-C7BD4766A9FF}.Debug|Any CPU.Build.0 = Debug|Any CPU
		{3E9882C6-F9F5-4412-B18A-C7BD4766A9FF}.Release|Any CPU.ActiveCfg = Release|Any CPU
		{3E9882C6-F9F5-4412-B18A-C7BD4766A9FF}.Release|Any CPU.Build.0 = Release|Any CPU
	EndGlobalSection
	GlobalSection(SolutionProperties) = preSolution
		HideSolutionNode = FALSE
	EndGlobalSection
	GlobalSection(NestedProjects) = preSolution
		{3E9882C6-F9F5-4412-B18A-C7BD4766A9FF} = {497EA8CB-05B4-4AF8-A63C-C7D885F96506}
	EndGlobalSection
	GlobalSection(ExtensibilityGlobals) = postSolution
		SolutionGuid = {562A3285-FBB7-4967-9631-174D33BD6DCB}
	EndGlobalSection
EndGlobal
